
Microsoft Visual Studio Solution File, Format Version 12.00
# Visual Studio Version 17
VisualStudioVersion = 17.3.32819.101
MinimumVisualStudioVersion = 10.0.40219.1
Project("{FAE04EC0-301F-11D3-BF4B-00C04F79EFBC}") = "Labb1_MVCAndRazor", "Labb1_MVCAndRazor\Labb1_MVCAndRazor.csproj", "{B48D8EA2-2FF2-45F3-86CC-9421625F301C}"
EndProject
Global
	GlobalSection(SolutionConfigurationPlatforms) = preSolution
		Debug|Any CPU = Debug|Any CPU
		Release|Any CPU = Release|Any CPU
	EndGlobalSection
	GlobalSection(ProjectConfigurationPlatforms) = postSolution
		{B48D8EA2-2FF2-45F3-86CC-9421625F301C}.Debug|Any CPU.ActiveCfg = Debug|Any CPU
		{B48D8EA2-2FF2-45F3-86CC-9421625F301C}.Debug|Any CPU.Build.0 = Debug|Any CPU
		{B48D8EA2-2FF2-45F3-86CC-9421625F301C}.Release|Any CPU.ActiveCfg = Release|Any CPU
		{B48D8EA2-2FF2-45F3-86CC-9421625F301C}.Release|Any CPU.Build.0 = Release|Any CPU
	EndGlobalSection
	GlobalSection(SolutionProperties) = preSolution
		HideSolutionNode = FALSE
	EndGlobalSection
	GlobalSection(ExtensibilityGlobals) = postSolution
		SolutionGuid = {BFC38C27-1BDB-4283-8EB8-0BC6CA7ABE47}
	EndGlobalSection
EndGlobal
